
Microsoft Visual Studio Solution File, Format Version 12.00
# Visual Studio Version 17
VisualStudioVersion = 17.4.33110.190
MinimumVisualStudioVersion = 10.0.40219.1
Project("{FAE04EC0-301F-11D3-BF4B-00C04F79EFBC}") = "Loja", "Loja\Loja.csproj", "{68067AB3-FDF4-48AB-B01D-7A76CA475C7F}"
EndProject
Global
	GlobalSection(SolutionConfigurationPlatforms) = preSolution
		Debug|Any CPU = Debug|Any CPU
		Release|Any CPU = Release|Any CPU
	EndGlobalSection
	GlobalSection(ProjectConfigurationPlatforms) = postSolution
		{68067AB3-FDF4-48AB-B01D-7A76CA475C7F}.Debug|Any CPU.ActiveCfg = Debug|Any CPU
		{68067AB3-FDF4-48AB-B01D-7A76CA475C7F}.Debug|Any CPU.Build.0 = Debug|Any CPU
		{68067AB3-FDF4-48AB-B01D-7A76CA475C7F}.Release|Any CPU.ActiveCfg = Release|Any CPU
		{68067AB3-FDF4-48AB-B01D-7A76CA475C7F}.Release|Any CPU.Build.0 = Release|Any CPU
	EndGlobalSection
	GlobalSection(SolutionProperties) = preSolution
		HideSolutionNode = FALSE
	EndGlobalSection
	GlobalSection(ExtensibilityGlobals) = postSolution
		SolutionGuid = {004E6252-4DA7-43BE-833F-DB37EA9F2EB7}
	EndGlobalSection
EndGlobal
